PODS:
  - CloudInfinite (1.3.5):
    - CloudInfinite/CloudInfinite (= 1.3.5)
  - CloudInfinite/CloudInfinite (1.3.5)
  - CloudInfinite/Loader (1.3.5):
    - CloudInfinite/CloudInfinite
    - QCloudCore
  - CloudInfinite/SDWebImage-CloudInfinite (1.3.5):
    - CloudInfinite/CloudInfinite
    - SDWebImage
  - CloudInfinite/TPG (1.3.5)
  - libwebp (1.2.0):
    - libwebp/demux (= 1.2.0)
    - libwebp/mux (= 1.2.0)
    - libwebp/webp (= 1.2.0)
  - libwebp/demux (1.2.0):
    - libwebp/webp
  - libwebp/mux (1.2.0):
    - libwebp/demux
  - libwebp/webp (1.2.0)
  - Masonry (1.1.0)
  - QCloudCore (5.8.7):
    - QCloudCore/Default (= 5.8.7)
  - QCloudCore/Default (5.8.7)
  - SDWebImage (5.11.1):
    - SDWebImage/Core (= 5.11.1)
  - SDWebImage/Core (5.11.1)
  - SDWebImageWebPCoder (0.8.3):
    - libwebp (~> 1.0)
    - SDWebImage/Core (~> 5.10)

DEPENDENCIES:
  - CloudInfinite (from `../`)
  - CloudInfinite/Loader (from `../`)
  - CloudInfinite/SDWebImage-CloudInfinite (from `../`)
  - CloudInfinite/TPG (from `../`)
  - Masonry
  - SDWebImageWebPCoder

SPEC REPOS:
  trunk:
    - libwebp
    - Masonry
    - QCloudCore
    - SDWebImage
    - SDWebImageWebPCoder

EXTERNAL SOURCES:
  CloudInfinite:
    :path: "../"

SPEC CHECKSUMS:
  CloudInfinite: 452d7798b4cb370fa7452690f8a2dfd884e692e5
  libwebp: e90b9c01d99205d03b6bb8f2c8c415e5a4ef66f0
  Masonry: 678fab65091a9290e40e2832a55e7ab731aad201
  QCloudCore: e735060f178e4d4974f8458361af3b18e8628902
  SDWebImage: a7f831e1a65eb5e285e3fb046a23fcfbf08e696d
  SDWebImageWebPCoder: bbf46e29fb8d1980a78ad3d5e9b4123c77f10ebc

PODFILE CHECKSUM: 5c6e479de499ad7e350da99c992d8059f2d500b4

COCOAPODS: 1.9.3
