PODS:
  - CloudInfinite (1.4.0):
    - CloudInfinite/CloudInfinite (= 1.4.0)
  - CloudInfinite/AVIF (1.4.0)
  - CloudInfinite/CloudInfinite (1.4.0)
  - CloudInfinite/Loader (1.4.0):
    - CloudInfinite/CloudInfinite
    - QCloudCore/WithoutMTA
  - CloudInfinite/SDWebImage-CloudInfinite (1.4.0):
    - CloudInfinite/CloudInfinite
    - SDWebImage
  - CloudInfinite/TPG (1.4.0)
  - libwebp (1.2.3):
    - libwebp/demux (= 1.2.3)
    - libwebp/mux (= 1.2.3)
    - libwebp/webp (= 1.2.3)
  - libwebp/demux (1.2.3):
    - libwebp/webp
  - libwebp/mux (1.2.3):
    - libwebp/demux
  - libwebp/webp (1.2.3)
  - Masonry (1.1.0)
  - QCloudCore/WithoutMTA (6.1.4)
  - SDWebImage (5.13.2):
    - SDWebImage/Core (= 5.13.2)
  - SDWebImage/Core (5.13.2)
  - SDWebImageWebPCoder (0.9.0):
    - libwebp (~> 1.0)
    - SDWebImage/Core (~> 5.13)

DEPENDENCIES:
  - CloudInfinite (from `../`)
  - CloudInfinite/AVIF (from `../`)
  - CloudInfinite/Loader (from `../`)
  - CloudInfinite/SDWebImage-CloudInfinite (from `../`)
  - CloudInfinite/TPG (from `../`)
  - Masonry
  - SDWebImageWebPCoder

SPEC REPOS:
  trunk:
    - libwebp
    - Masonry
    - QCloudCore
    - SDWebImage
    - SDWebImageWebPCoder

EXTERNAL SOURCES:
  CloudInfinite:
    :path: "../"

SPEC CHECKSUMS:
  CloudInfinite: 06e2641d71af692d8bda40f172a546ccefe63d01
  libwebp: 60305b2e989864154bd9be3d772730f08fc6a59c
  Masonry: 678fab65091a9290e40e2832a55e7ab731aad201
  QCloudCore: f02b07282d80787ff99572f67391f9fb6b015a31
  SDWebImage: 72f86271a6f3139cc7e4a89220946489d4b9a866
  SDWebImageWebPCoder: 3dc350894112feab5375cfba9ce0986544a66a69

PODFILE CHECKSUM: 266c7263b30d7600eef6edc7ca3a7e1aa92fcdb7

COCOAPODS: 1.11.3
